
Microsoft Visual Studio Solution File, Format Version 12.00
# Visual Studio Version 16
VisualStudioVersion = 16.0.29709.97
MinimumVisualStudioVersion = 10.0.40219.1
Project("{FAE04EC0-301F-11D3-BF4B-00C04F79EFBC}") = "Lab3-1", "Lab3-1.csproj", "{92B620C8-6D79-476E-96E7-F0274F9AEEFD}"
EndProject
Global
	GlobalSection(SolutionConfigurationPlatforms) = preSolution
		Debug|Any CPU = Debug|Any CPU
		Release|Any CPU = Release|Any CPU
	EndGlobalSection
	GlobalSection(ProjectConfigurationPlatforms) = postSolution
		{92B620C8-6D79-476E-96E7-F0274F9AEEFD}.Debug|Any CPU.ActiveCfg = Debug|Any CPU
		{92B620C8-6D79-476E-96E7-F0274F9AEEFD}.Debug|Any CPU.Build.0 = Debug|Any CPU
		{92B620C8-6D79-476E-96E7-F0274F9AEEFD}.Release|Any CPU.ActiveCfg = Release|Any CPU
		{92B620C8-6D79-476E-96E7-F0274F9AEEFD}.Release|Any CPU.Build.0 = Release|Any CPU
	EndGlobalSection
	GlobalSection(SolutionProperties) = preSolution
		HideSolutionNode = FALSE
	EndGlobalSection
	GlobalSection(ExtensibilityGlobals) = postSolution
		SolutionGuid = {B8FD5DF2-E3B7-4064-8C5D-EEE667B7BA9C}
	EndGlobalSection
EndGlobal
